{
  "object": {
    "pins": [
      {
        "package": "NetworkClient",
        "repositoryURL": "https://github.com/Radhach9027/NetworkClient",
        "state": {
          "branch": "main",
          "revision": "fb57afba2687e4f9141e3fb6ffaa87a9201c8d7e",
          "version": null
        }
      },
      {
        "package": "Reachability",
        "repositoryURL": "https://github.com/ashleymills/Reachability.swift",
        "state": {
          "branch": "master",
          "revision": "a81b7367f2c46875f29577e03a60c39cdfad0c8d",
          "version": null
        }
      }
    ]
  },
  "version": 1
}
