{
  "pins" : [
    {
      "identity" : "dependencycontainer",
      "kind" : "remoteSourceControl",
      "location" : "https://github.com/Radhach9027/DependencyContainer",
      "state" : {
        "revision" : "b5d8a9b5983ba8c52eb8deb98405b357c4ee0177",
        "version" : "1.0.5"
      }
    },
    {
      "identity" : "designsystem",
      "kind" : "remoteSourceControl",
      "location" : "https://github.com/Radhach9027/DesignSystem.git",
      "state" : {
        "branch" : "main",
        "revision" : "45e7b4977779e456bb87f8904eb7e3f5cd4125a7"
      }
    },
    {
      "identity" : "networkclient",
      "kind" : "remoteSourceControl",
      "location" : "https://github.com/Radhach9027/NetworkClient",
      "state" : {
        "branch" : "main",
        "revision" : "cdad266a38b99de6e5ae243442d4aa68ff11d89b"
      }
    },
    {
      "identity" : "reachability.swift",
      "kind" : "remoteSourceControl",
      "location" : "https://github.com/ashleymills/Reachability.swift",
      "state" : {
        "branch" : "master",
        "revision" : "a81b7367f2c46875f29577e03a60c39cdfad0c8d"
      }
    },
    {
      "identity" : "sharedcomponents",
      "kind" : "remoteSourceControl",
      "location" : "https://github.com/Radhach9027/SharedComponents",
      "state" : {
        "branch" : "main",
        "revision" : "44925dac58ca013a79bb6cad0036882941398f0b"
      }
    },
    {
      "identity" : "swiftkeychainwrapper",
      "kind" : "remoteSourceControl",
      "location" : "https://github.com/jrendel/SwiftKeychainWrapper",
      "state" : {
        "branch" : "master",
        "revision" : "9a0294db86521e14df7b383ec912422a8dd498f1"
      }
    }
  ],
  "version" : 2
}
